<?xml version="1.0" encoding="utf-8"?>
<Project ToolsVersion="4.0" xmlns="http://schemas.microsoft.com/developer/msbuild/2003">
  <ItemGroup>
    <Filter Include="Source Files">
      <UniqueIdentifier>{4FC737F1-C7A5-4376-A066-2A32D752A2FF}</UniqueIdentifier>
      <Extensions>cpp;c;cc;cxx;def;odl;idl;hpj;bat;asm;asmx</Extensions>
    </Filter>
    <Filter Include="Header Files">
      <UniqueIdentifier>{93995380-89BD-4b04-88EB-625FBE52EBFB}</UniqueIdentifier>
      <Extensions>h;hh;hpp;hxx;hm;inl;inc;ipp;xsd</Extensions>
    </Filter>
    <Filter Include="Resource Files">
      <UniqueIdentifier>{67DA6AB6-F800-4c08-8B7A-83BB121AAD01}</UniqueIdentifier>
      <Extensions>rc;ico;cur;bmp;dlg;rc2;rct;bin;rgs;gif;jpg;jpeg;jpe;resx;tiff;tif;png;wav;mfcribbon-ms</Extensions>
    </Filter>
    <Filter Include="Source Files\Resources">
      <UniqueIdentifier>{74048a83-0a86-4a0e-a327-76c076e43005}</UniqueIdentifier>
    </Filter>
    <Filter Include="Source Files\Descriptors">
      <UniqueIdentifier>{5efd6d91-c057-439c-ba53-0f9575ea8eb5}</UniqueIdentifier>
    </Filter>
    <Filter Include="Source Files\Commands">
      <UniqueIdentifier>{e8fd3a56-ab4f-4a3b-8748-098c37957938}</UniqueIdentifier>
    </Filter>
    <Filter Include="Source Files\ExternalFunctions">
      <UniqueIdentifier>{248d732d-a5cf-451b-9966-54e95db202a5}</UniqueIdentifier>
    </Filter>
    <Filter Include="Source Files\Synchronization">
      <UniqueIdentifier>{77ed0860-ca18-44da-9cd1-af86d54fd85b}</UniqueIdentifier>
    </Filter>
  </ItemGroup>
  <ItemGroup>
    <ClInclude Include="framework.h">
      <Filter>Header Files</Filter>
    </ClInclude>
    <ClInclude Include="pch.h">
      <Filter>Header Files</Filter>
    </ClInclude>
    <ClInclude Include="Resources\ResourceHandles.h">
      <Filter>Source Files\Resources</Filter>
    </ClInclude>
    <ClInclude Include="Descriptors\BlendStateDescriptor.h">
      <Filter>Source Files\Descriptors</Filter>
    </ClInclude>
    <ClInclude Include="Descriptors\BufferDescriptor.h">
      <Filter>Source Files\Descriptors</Filter>
    </ClInclude>
    <ClInclude Include="Descriptors\ClearDescriptor.h">
      <Filter>Source Files\Descriptors</Filter>
    </ClInclude>
    <ClInclude Include="Descriptors\DepthStencilStateDescriptor.h">
      <Filter>Source Files\Descriptors</Filter>
    </ClInclude>
    <ClInclude Include="Descriptors\InputLayoutDescriptor.h">
      <Filter>Source Files\Descriptors</Filter>
    </ClInclude>
    <ClInclude Include="Descriptors\PipelineDescriptor.h">
      <Filter>Source Files\Descriptors</Filter>
    </ClInclude>
    <ClInclude Include="Descriptors\PixelFormats.h">
      <Filter>Source Files\Descriptors</Filter>
    </ClInclude>
    <ClInclude Include="Descriptors\RasterizerStateDescriptor.h">
      <Filter>Source Files\Descriptors</Filter>
    </ClInclude>
    <ClInclude Include="Descriptors\ResourceUsage.h">
      <Filter>Source Files\Descriptors</Filter>
    </ClInclude>
    <ClInclude Include="Descriptors\SamplerStateDescriptor.h">
      <Filter>Source Files\Descriptors</Filter>
    </ClInclude>
    <ClInclude Include="Descriptors\ShaderDescriptor.h">
      <Filter>Source Files\Descriptors</Filter>
    </ClInclude>
    <ClInclude Include="Descriptors\SurfaceDescriptor.h">
      <Filter>Source Files\Descriptors</Filter>
    </ClInclude>
    <ClInclude Include="Descriptors\TextureDescriptor.h">
      <Filter>Source Files\Descriptors</Filter>
    </ClInclude>
    <ClInclude Include="Commands\GfxCommandPacket.h">
      <Filter>Source Files\Commands</Filter>
    </ClInclude>
    <ClInclude Include="ExternalFunctions\ExternalFunctions.h">
      <Filter>Source Files\ExternalFunctions</Filter>
    </ClInclude>
    <ClInclude Include="Resources\ResourceTypes.h">
      <Filter>Source Files\Resources</Filter>
    </ClInclude>
    <ClInclude Include="Commands\GfxCommandBuffer.h">
      <Filter>Source Files\Commands</Filter>
    </ClInclude>
    <ClInclude Include="Descriptors\PrimitiveTopology.h">
      <Filter>Source Files\Descriptors</Filter>
    </ClInclude>
    <ClInclude Include="Descriptors\ViewportDescriptor.h">
      <Filter>Source Files\Descriptors</Filter>
    </ClInclude>
    <ClInclude Include="Descriptors\ScissorRectDescriptor.h">
      <Filter>Source Files\Descriptors</Filter>
    </ClInclude>
    <ClInclude Include="Sync\Barrier.h">
      <Filter>Source Files\Synchronization</Filter>
    </ClInclude>
  </ItemGroup>
  <ItemGroup>
    <ClCompile Include="pch.cpp">
      <Filter>Source Files</Filter>
    </ClCompile>
  </ItemGroup>
</Project>