<?xml version="1.0" encoding="utf-8"?>
<Project ToolsVersion="4.0" xmlns="http://schemas.microsoft.com/developer/msbuild/2003">
  <ItemGroup>
    <Filter Include="Source Files">
      <UniqueIdentifier>{4FC737F1-C7A5-4376-A066-2A32D752A2FF}</UniqueIdentifier>
      <Extensions>cpp;c;cc;cxx;def;odl;idl;hpj;bat;asm;asmx</Extensions>
    </Filter>
    <Filter Include="Source Files\Core">
      <UniqueIdentifier>{1c345687-9792-455e-9484-7dab03f88d2a}</UniqueIdentifier>
    </Filter>
    <Filter Include="Source Files\Resources">
      <UniqueIdentifier>{62ff9a45-dab6-4122-8517-d95bd9812d52}</UniqueIdentifier>
    </Filter>
    <Filter Include="Source Files\Pipeline">
      <UniqueIdentifier>{8d2e99a1-4b1f-4f4f-bfcd-04c8b6976c6d}</UniqueIdentifier>
    </Filter>
    <Filter Include="Source Files\Descriptors">
      <UniqueIdentifier>{c7ca2f3b-dc73-4727-ac51-9083bd59dd52}</UniqueIdentifier>
    </Filter>
    <Filter Include="Source Files\Utilities">
      <UniqueIdentifier>{df76b526-b4d5-43a8-aa0f-b2ac15a9cf1b}</UniqueIdentifier>
    </Filter>
    <Filter Include="Source Files\Inputs">
      <UniqueIdentifier>{00370dee-4a84-4b0a-87ee-448780410a2b}</UniqueIdentifier>
    </Filter>
    <Filter Include="Source Files\Debugging">
      <UniqueIdentifier>{b68fe72c-c8e7-40b1-8ad4-898472f3fe57}</UniqueIdentifier>
    </Filter>
    <Filter Include="Source Files\InlinedShaders">
      <UniqueIdentifier>{d15c2efc-2454-468b-bc16-ea581a208534}</UniqueIdentifier>
    </Filter>
    <Filter Include="Media">
      <UniqueIdentifier>{42e7c53b-03ce-4071-ba0c-5d96381c8737}</UniqueIdentifier>
    </Filter>
  </ItemGroup>
  <ItemGroup>
    <ClInclude Include="include\Core\IRenderer.h">
      <Filter>Source Files\Core</Filter>
    </ClInclude>
    <ClInclude Include="include\Core\RenderCore.h">
      <Filter>Source Files\Core</Filter>
    </ClInclude>
    <ClInclude Include="include\Core\GfxDevice.h">
      <Filter>Source Files\Core</Filter>
    </ClInclude>
    <ClInclude Include="include\Core\GfxDeviceContext.h">
      <Filter>Source Files\Core</Filter>
    </ClInclude>
    <ClInclude Include="include\Resources\Mesh.h">
      <Filter>Source Files\Resources</Filter>
    </ClInclude>
    <ClInclude Include="include\Pipeline\GfxPipeline.h">
      <Filter>Source Files\Pipeline</Filter>
    </ClInclude>
    <ClInclude Include="include\Descriptors\PipelineDescriptor.h">
      <Filter>Source Files\Descriptors</Filter>
    </ClInclude>
    <ClInclude Include="include\Descriptors\InputLayoutDescriptor.h">
      <Filter>Source Files\Descriptors</Filter>
    </ClInclude>
    <ClInclude Include="include\Resources\Shader.h">
      <Filter>Source Files\Resources</Filter>
    </ClInclude>
    <ClInclude Include="include\Core\Macros.h">
      <Filter>Source Files\Core</Filter>
    </ClInclude>
    <ClInclude Include="include\Descriptors\BlendStateDescriptor.h">
      <Filter>Source Files\Descriptors</Filter>
    </ClInclude>
    <ClInclude Include="include\Resources\BlendState.h">
      <Filter>Source Files\Resources</Filter>
    </ClInclude>
    <ClInclude Include="include\Descriptors\ShaderDescriptor.h">
      <Filter>Source Files\Descriptors</Filter>
    </ClInclude>
    <ClInclude Include="include\Descriptors\PixelFormats.h">
      <Filter>Source Files\Descriptors</Filter>
    </ClInclude>
    <ClInclude Include="include\Resources\InputLayout.h">
      <Filter>Source Files\Resources</Filter>
    </ClInclude>
    <ClInclude Include="include\Descriptors\DepthStencilStateDescriptor.h">
      <Filter>Source Files\Descriptors</Filter>
    </ClInclude>
    <ClInclude Include="include\Resources\DepthStencilState.h">
      <Filter>Source Files\Resources</Filter>
    </ClInclude>
    <ClInclude Include="include\Descriptors\BufferDescriptor.h">
      <Filter>Source Files\Descriptors</Filter>
    </ClInclude>
    <ClInclude Include="include\Resources\Buffer.h">
      <Filter>Source Files\Resources</Filter>
    </ClInclude>
    <ClInclude Include="include\Utilities\Camera.h">
      <Filter>Source Files\Utilities</Filter>
    </ClInclude>
    <ClInclude Include="include\Core\TypeDefs.h">
      <Filter>Source Files\Core</Filter>
    </ClInclude>
    <ClInclude Include="include\Core\Constants.h">
      <Filter>Source Files\Core</Filter>
    </ClInclude>
    <ClInclude Include="include\Descriptors\SamplerStateDescriptor.h">
      <Filter>Source Files\Descriptors</Filter>
    </ClInclude>
    <ClInclude Include="include\Resources\SamplerState.h">
      <Filter>Source Files\Resources</Filter>
    </ClInclude>
    <ClInclude Include="include\Descriptors\RasterizerStateDescriptor.h">
      <Filter>Source Files\Descriptors</Filter>
    </ClInclude>
    <ClInclude Include="include\Resources\RasterizerState.h">
      <Filter>Source Files\Resources</Filter>
    </ClInclude>
    <ClInclude Include="include\Descriptors\ClearDescriptor.h">
      <Filter>Source Files\Descriptors</Filter>
    </ClInclude>
    <ClInclude Include="include\Core\RefCountedObject.h">
      <Filter>Source Files\Core</Filter>
    </ClInclude>
    <ClInclude Include="include\Inputs\IInputReceiver.h">
      <Filter>Source Files\Inputs</Filter>
    </ClInclude>
    <ClInclude Include="include\Resources\RenderTarget.h">
      <Filter>Source Files\Resources</Filter>
    </ClInclude>
    <ClInclude Include="include\Debugging\DebugResourceManager.h">
      <Filter>Source Files\Debugging</Filter>
    </ClInclude>
    <ClInclude Include="include\Debugging\DebuggingFeatures.h">
      <Filter>Source Files\Debugging</Filter>
    </ClInclude>
    <ClInclude Include="include\Descriptors\SurfaceDescriptor.h">
      <Filter>Source Files\Descriptors</Filter>
    </ClInclude>
    <ClInclude Include="include\Core\Globals.h">
      <Filter>Source Files\Core</Filter>
    </ClInclude>
    <ClInclude Include="include\Descriptors\TextureDescriptor.h">
      <Filter>Source Files\Descriptors</Filter>
    </ClInclude>
    <ClInclude Include="include\Descriptors\ResourceUsage.h">
      <Filter>Source Files\Descriptors</Filter>
    </ClInclude>
    <ClInclude Include="include\Resources\Texture.h">
      <Filter>Source Files\Resources</Filter>
    </ClInclude>
    <ClInclude Include="include\Resources\TextureArray.h">
      <Filter>Source Files\Resources</Filter>
    </ClInclude>
    <ClInclude Include="include\Utilities\FixedCamera.h">
      <Filter>Source Files\Utilities</Filter>
    </ClInclude>
    <ClInclude Include="include\pch.h" />
  </ItemGroup>
  <ItemGroup>
    <ClCompile Include="source\Core\RenderCore.cpp">
      <Filter>Source Files\Core</Filter>
    </ClCompile>
    <ClCompile Include="source\Core\GfxDevice.cpp">
      <Filter>Source Files\Core</Filter>
    </ClCompile>
    <ClCompile Include="source\Core\GfxDeviceContext.cpp">
      <Filter>Source Files\Core</Filter>
    </ClCompile>
    <ClCompile Include="source\Resources\Mesh.cpp">
      <Filter>Source Files\Resources</Filter>
    </ClCompile>
    <ClCompile Include="source\Resources\Shader.cpp">
      <Filter>Source Files\Resources</Filter>
    </ClCompile>
    <ClCompile Include="source\Resources\BlendState.cpp">
      <Filter>Source Files\Resources</Filter>
    </ClCompile>
    <ClCompile Include="source\Resources\InputLayout.cpp">
      <Filter>Source Files\Resources</Filter>
    </ClCompile>
    <ClCompile Include="source\Pipeline\GfxPipeline.cpp">
      <Filter>Source Files\Pipeline</Filter>
    </ClCompile>
    <ClCompile Include="source\Resources\DepthStencilState.cpp">
      <Filter>Source Files\Resources</Filter>
    </ClCompile>
    <ClCompile Include="source\Resources\Buffer.cpp">
      <Filter>Source Files\Resources</Filter>
    </ClCompile>
    <ClCompile Include="source\Utilities\Camera.cpp">
      <Filter>Source Files\Utilities</Filter>
    </ClCompile>
    <ClCompile Include="source\Resources\SamplerState.cpp">
      <Filter>Source Files\Resources</Filter>
    </ClCompile>
    <ClCompile Include="source\Resources\RasterizerState.cpp">
      <Filter>Source Files\Resources</Filter>
    </ClCompile>
    <ClCompile Include="source\Resources\RenderTarget.cpp">
      <Filter>Source Files\Resources</Filter>
    </ClCompile>
    <ClCompile Include="source\Debugging\DebugResourceManager.cpp">
      <Filter>Source Files\Debugging</Filter>
    </ClCompile>
    <ClCompile Include="source\Debugging\DebuggingFeatures.cpp">
      <Filter>Source Files\Debugging</Filter>
    </ClCompile>
    <ClCompile Include="source\Resources\Texture.cpp">
      <Filter>Source Files\Resources</Filter>
    </ClCompile>
    <ClCompile Include="source\Core\Globals.cpp">
      <Filter>Source Files\Core</Filter>
    </ClCompile>
    <ClCompile Include="source\Resources\TextureArray.cpp">
      <Filter>Source Files\Resources</Filter>
    </ClCompile>
    <ClCompile Include="source\Utilities\FixedCamera.cpp">
      <Filter>Source Files\Utilities</Filter>
    </ClCompile>
    <ClCompile Include="source\pch.cpp">
      <Filter>Source Files</Filter>
    </ClCompile>
  </ItemGroup>
  <ItemGroup>
    <None Include="include\InlinedShaders\FullScreenTriangleVS.hlsli">
      <Filter>Source Files\InlinedShaders</Filter>
    </None>
    <None Include="include\Core\RefCountedObject.inl">
      <Filter>Source Files\Core</Filter>
    </None>
  </ItemGroup>
  <ItemGroup>
    <Image Include="media\Font.dds">
      <Filter>Media</Filter>
    </Image>
  </ItemGroup>
</Project>