<?xml version="1.0" encoding="utf-8"?>
<Project ToolsVersion="4.0" xmlns="http://schemas.microsoft.com/developer/msbuild/2003">
  <ItemGroup>
    <Filter Include="Source Files">
      <UniqueIdentifier>{4FC737F1-C7A5-4376-A066-2A32D752A2FF}</UniqueIdentifier>
      <Extensions>cpp;c;cc;cxx;def;odl;idl;hpj;bat;asm;asmx</Extensions>
    </Filter>
    <Filter Include="Header Files">
      <UniqueIdentifier>{93995380-89BD-4b04-88EB-625FBE52EBFB}</UniqueIdentifier>
      <Extensions>h;hh;hpp;hxx;hm;inl;inc;ipp;xsd</Extensions>
    </Filter>
    <Filter Include="Resource Files">
      <UniqueIdentifier>{67DA6AB6-F800-4c08-8B7A-83BB121AAD01}</UniqueIdentifier>
      <Extensions>rc;ico;cur;bmp;dlg;rc2;rct;bin;rgs;gif;jpg;jpeg;jpe;resx;tiff;tif;png;wav;mfcribbon-ms</Extensions>
    </Filter>
    <Filter Include="Source Files\Commands">
      <UniqueIdentifier>{c2f9d016-f531-40db-8e1f-a1251d90b6c1}</UniqueIdentifier>
    </Filter>
    <Filter Include="Source Files\Library">
      <UniqueIdentifier>{f826e48a-66ea-4875-8459-3dc40da55264}</UniqueIdentifier>
    </Filter>
    <Filter Include="Source Files\Library\Implementations">
      <UniqueIdentifier>{999b7d93-1a78-400a-9d13-733f01b33aea}</UniqueIdentifier>
    </Filter>
    <Filter Include="Source Files\Library\Implementations\Windows">
      <UniqueIdentifier>{e3d41773-1ba0-4cce-bea6-a479da423125}</UniqueIdentifier>
    </Filter>
    <Filter Include="Source Files\WindowFactory">
      <UniqueIdentifier>{b9680549-2d4a-4731-a04f-7e770d926edf}</UniqueIdentifier>
    </Filter>
    <Filter Include="Source Files\WindowFactory\Implementations">
      <UniqueIdentifier>{d90884a5-dbe8-43f5-986d-d94f80399e84}</UniqueIdentifier>
    </Filter>
    <Filter Include="Source Files\WindowFactory\Implementations\Windows">
      <UniqueIdentifier>{6cdaca76-2930-4932-b5dc-43b0aa8ef61a}</UniqueIdentifier>
    </Filter>
    <Filter Include="Source Files\Events">
      <UniqueIdentifier>{65b1e64f-3e65-4e6d-8943-474c7799680b}</UniqueIdentifier>
    </Filter>
    <Filter Include="Source Files\Events\Implementations">
      <UniqueIdentifier>{7aee61b6-9b7c-4fb2-9cc0-0508a4cea906}</UniqueIdentifier>
    </Filter>
    <Filter Include="Source Files\Events\Implementations\Windows">
      <UniqueIdentifier>{0740ab6b-756c-4498-8816-f117dff56072}</UniqueIdentifier>
    </Filter>
    <Filter Include="Source Files\Device">
      <UniqueIdentifier>{9f06b52e-13e2-43c5-854b-a82ba1bd38c5}</UniqueIdentifier>
    </Filter>
  </ItemGroup>
  <ItemGroup>
    <ClInclude Include="framework.h">
      <Filter>Header Files</Filter>
    </ClInclude>
    <ClInclude Include="pch.h">
      <Filter>Header Files</Filter>
    </ClInclude>
    <ClInclude Include="Library\LibraryLoader.h">
      <Filter>Source Files\Library</Filter>
    </ClInclude>
    <ClInclude Include="WindowFactory\WindowFactory.h">
      <Filter>Source Files\WindowFactory</Filter>
    </ClInclude>
    <ClInclude Include="Events\MessagePump.h">
      <Filter>Source Files\Events</Filter>
    </ClInclude>
    <ClInclude Include="Events\Implementations\Windows\MessagePump.inl">
      <Filter>Source Files\Events\Implementations\Windows</Filter>
    </ClInclude>
    <ClInclude Include="Device\GpuDevice.h">
      <Filter>Source Files\Device</Filter>
    </ClInclude>
    <ClInclude Include="Device\GfxPlatform.h">
      <Filter>Source Files\Device</Filter>
    </ClInclude>
    <ClInclude Include="Commands\GfxCommandList.h">
      <Filter>Source Files\Commands</Filter>
    </ClInclude>
    <ClInclude Include="Commands\GfxCommandQueue.h">
      <Filter>Source Files\Commands</Filter>
    </ClInclude>
  </ItemGroup>
  <ItemGroup>
    <ClCompile Include="pch.cpp">
      <Filter>Source Files</Filter>
    </ClCompile>
    <ClCompile Include="Library\LibraryLoader.cpp">
      <Filter>Source Files\Library</Filter>
    </ClCompile>
    <ClCompile Include="WindowFactory\WindowFactory.cpp">
      <Filter>Source Files\WindowFactory</Filter>
    </ClCompile>
    <ClCompile Include="Events\MessagePump.cpp">
      <Filter>Source Files\Events</Filter>
    </ClCompile>
    <ClCompile Include="Device\GpuDevice.cpp">
      <Filter>Source Files\Device</Filter>
    </ClCompile>
    <ClCompile Include="Commands\GfxCommandList.cpp">
      <Filter>Source Files\Commands</Filter>
    </ClCompile>
    <ClCompile Include="Commands\GfxCommandQueue.cpp">
      <Filter>Source Files\Commands</Filter>
    </ClCompile>
  </ItemGroup>
  <ItemGroup>
    <None Include="Library\Implementations\Windows\LibraryLoader.inl">
      <Filter>Source Files\Library\Implementations\Windows</Filter>
    </None>
    <None Include="WindowFactory\Implementations\Windows\WindowFactory.inl">
      <Filter>Source Files\WindowFactory\Implementations\Windows</Filter>
    </None>
  </ItemGroup>
</Project>